
Microsoft Visual Studio Solution File, Format Version 12.00
# Visual Studio Version 17
VisualStudioVersion = 17.8.34309.116
MinimumVisualStudioVersion = 10.0.40219.1
Project("{FAE04EC0-301F-11D3-BF4B-00C04F79EFBC}") = "LibraryManagmentSys", "LibraryManagmentSys\LibraryManagmentSys.csproj", "{5B256A71-1777-4215-BD19-5B745F407605}"
EndProject
Global
	GlobalSection(SolutionConfigurationPlatforms) = preSolution
		Debug|Any CPU = Debug|Any CPU
		Release|Any CPU = Release|Any CPU
	EndGlobalSection
	GlobalSection(ProjectConfigurationPlatforms) = postSolution
		{5B256A71-1777-4215-BD19-5B745F407605}.Debug|Any CPU.ActiveCfg = Debug|Any CPU
		{5B256A71-1777-4215-BD19-5B745F407605}.Debug|Any CPU.Build.0 = Debug|Any CPU
		{5B256A71-1777-4215-BD19-5B745F407605}.Release|Any CPU.ActiveCfg = Release|Any CPU
		{5B256A71-1777-4215-BD19-5B745F407605}.Release|Any CPU.Build.0 = Release|Any CPU
	EndGlobalSection
	GlobalSection(SolutionProperties) = preSolution
		HideSolutionNode = FALSE
	EndGlobalSection
	GlobalSection(ExtensibilityGlobals) = postSolution
		SolutionGuid = {5AB6CEB4-EC03-4285-810B-67D98292A31F}
	EndGlobalSection
EndGlobal
